
Microsoft Visual Studio Solution File, Format Version 12.00
# Visual Studio 15
VisualStudioVersion = 15.0.28010.2036
MinimumVisualStudioVersion = 10.0.40219.1
Project("{FAE04EC0-301F-11D3-BF4B-00C04F79EFBC}") = "ExchangeRates.Core", "ExchangeRates\ExchangeRates.Core\ExchangeRates.Core.csproj", "{B2B978C4-AF58-4C56-BF4A-9BC26896B8BB}"
EndProject
Project("{FAE04EC0-301F-11D3-BF4B-00C04F79EFBC}") = "ExchangeRates.Droid", "ExchangeRates\ExchangeRates.Droid\ExchangeRates.Droid.csproj", "{B925B3A7-43B0-4809-A313-9B40292A814A}"
EndProject
Project("{FAE04EC0-301F-11D3-BF4B-00C04F79EFBC}") = "ExchangeRates.iOS", "ExchangeRates\ExchangeRates.iOS\ExchangeRates.iOS.csproj", "{113777B1-748F-4BF2-BACF-6FB7C806DA66}"
EndProject
Project("{FAE04EC0-301F-11D3-BF4B-00C04F79EFBC}") = "ExchangeRates.UWP", "ExchangeRates\ExchangeRates.UWP\ExchangeRates.UWP.csproj", "{A9D057FA-E94D-41A6-9D85-8BFDCA9C9C83}"
EndProject
Project("{FAE04EC0-301F-11D3-BF4B-00C04F79EFBC}") = "ExchangeRates.WPF", "ExchangeRates\ExchangeRates.WPF\ExchangeRates.WPF.csproj", "{36BA5EF6-F5BF-4CD6-BD48-AE58D6D9DE15}"
EndProject
Global
	GlobalSection(SolutionConfigurationPlatforms) = preSolution
		Ad-Hoc|Any CPU = Ad-Hoc|Any CPU
		Ad-Hoc|ARM = Ad-Hoc|ARM
		Ad-Hoc|iPhone = Ad-Hoc|iPhone
		Ad-Hoc|iPhoneSimulator = Ad-Hoc|iPhoneSimulator
		Ad-Hoc|x64 = Ad-Hoc|x64
		Ad-Hoc|x86 = Ad-Hoc|x86
		AppStore|Any CPU = AppStore|Any CPU
		AppStore|ARM = AppStore|ARM
		AppStore|iPhone = AppStore|iPhone
		AppStore|iPhoneSimulator = AppStore|iPhoneSimulator
		AppStore|x64 = AppStore|x64
		AppStore|x86 = AppStore|x86
		Debug|Any CPU = Debug|Any CPU
		Debug|ARM = Debug|ARM
		Debug|iPhone = Debug|iPhone
		Debug|iPhoneSimulator = Debug|iPhoneSimulator
		Debug|x64 = Debug|x64
		Debug|x86 = Debug|x86
		Release|Any CPU = Release|Any CPU
		Release|ARM = Release|ARM
		Release|iPhone = Release|iPhone
		Release|iPhoneSimulator = Release|iPhoneSimulator
		Release|x64 = Release|x64
		Release|x86 = Release|x86
	EndGlobalSection
	GlobalSection(ProjectConfigurationPlatforms) = postSolution
		{B2B978C4-AF58-4C56-BF4A-9BC26896B8BB}.Ad-Hoc|Any CPU.ActiveCfg = Debug|Any CPU
		{B2B978C4-AF58-4C56-BF4A-9BC26896B8BB}.Ad-Hoc|Any CPU.Build.0 = Debug|Any CPU
		{B2B978C4-AF58-4C56-BF4A-9BC26896B8BB}.Ad-Hoc|ARM.ActiveCfg = Debug|Any CPU
		{B2B978C4-AF58-4C56-BF4A-9BC26896B8BB}.Ad-Hoc|ARM.Build.0 = Debug|Any CPU
		{B2B978C4-AF58-4C56-BF4A-9BC26896B8BB}.Ad-Hoc|iPhone.ActiveCfg = Debug|Any CPU
		{B2B978C4-AF58-4C56-BF4A-9BC26896B8BB}.Ad-Hoc|iPhone.Build.0 = Debug|Any CPU
		{B2B978C4-AF58-4C56-BF4A-9BC26896B8BB}.Ad-Hoc|iPhoneSimulator.ActiveCfg = Debug|Any CPU
		{B2B978C4-AF58-4C56-BF4A-9BC26896B8BB}.Ad-Hoc|iPhoneSimulator.Build.0 = Debug|Any CPU
		{B2B978C4-AF58-4C56-BF4A-9BC26896B8BB}.Ad-Hoc|x64.ActiveCfg = Debug|Any CPU
		{B2B978C4-AF58-4C56-BF4A-9BC26896B8BB}.Ad-Hoc|x64.Build.0 = Debug|Any CPU
		{B2B978C4-AF58-4C56-BF4A-9BC26896B8BB}.Ad-Hoc|x86.ActiveCfg = Debug|Any CPU
		{B2B978C4-AF58-4C56-BF4A-9BC26896B8BB}.Ad-Hoc|x86.Build.0 = Debug|Any CPU
		{B2B978C4-AF58-4C56-BF4A-9BC26896B8BB}.AppStore|Any CPU.ActiveCfg = Debug|Any CPU
		{B2B978C4-AF58-4C56-BF4A-9BC26896B8BB}.AppStore|Any CPU.Build.0 = Debug|Any CPU
		{B2B978C4-AF58-4C56-BF4A-9BC26896B8BB}.AppStore|ARM.ActiveCfg = Debug|Any CPU
		{B2B978C4-AF58-4C56-BF4A-9BC26896B8BB}.AppStore|ARM.Build.0 = Debug|Any CPU
		{B2B978C4-AF58-4C56-BF4A-9BC26896B8BB}.AppStore|iPhone.ActiveCfg = Debug|Any CPU
		{B2B978C4-AF58-4C56-BF4A-9BC26896B8BB}.AppStore|iPhone.Build.0 = Debug|Any CPU
		{B2B978C4-AF58-4C56-BF4A-9BC26896B8BB}.AppStore|iPhoneSimulator.ActiveCfg = Debug|Any CPU
		{B2B978C4-AF58-4C56-BF4A-9BC26896B8BB}.AppStore|iPhoneSimulator.Build.0 = Debug|Any CPU
		{B2B978C4-AF58-4C56-BF4A-9BC26896B8BB}.AppStore|x64.ActiveCfg = Debug|Any CPU
		{B2B978C4-AF58-4C56-BF4A-9BC26896B8BB}.AppStore|x64.Build.0 = Debug|Any CPU
		{B2B978C4-AF58-4C56-BF4A-9BC26896B8BB}.AppStore|x86.ActiveCfg = Debug|Any CPU
		{B2B978C4-AF58-4C56-BF4A-9BC26896B8BB}.AppStore|x86.Build.0 = Debug|Any CPU
		{B2B978C4-AF58-4C56-BF4A-9BC26896B8BB}.Debug|Any CPU.ActiveCfg = Debug|Any CPU
		{B2B978C4-AF58-4C56-BF4A-9BC26896B8BB}.Debug|Any CPU.Build.0 = Debug|Any CPU
		{B2B978C4-AF58-4C56-BF4A-9BC26896B8BB}.Debug|ARM.ActiveCfg = Debug|Any CPU
		{B2B978C4-AF58-4C56-BF4A-9BC26896B8BB}.Debug|ARM.Build.0 = Debug|Any CPU
		{B2B978C4-AF58-4C56-BF4A-9BC26896B8BB}.Debug|iPhone.ActiveCfg = Debug|Any CPU
		{B2B978C4-AF58-4C56-BF4A-9BC26896B8BB}.Debug|iPhone.Build.0 = Debug|Any CPU
		{B2B978C4-AF58-4C56-BF4A-9BC26896B8BB}.Debug|iPhoneSimulator.ActiveCfg = Debug|Any CPU
		{B2B978C4-AF58-4C56-BF4A-9BC26896B8BB}.Debug|iPhoneSimulator.Build.0 = Debug|Any CPU
		{B2B978C4-AF58-4C56-BF4A-9BC26896B8BB}.Debug|x64.ActiveCfg = Debug|Any CPU
		{B2B978C4-AF58-4C56-BF4A-9BC26896B8BB}.Debug|x64.Build.0 = Debug|Any CPU
		{B2B978C4-AF58-4C56-BF4A-9BC26896B8BB}.Debug|x86.ActiveCfg = Debug|Any CPU
		{B2B978C4-AF58-4C56-BF4A-9BC26896B8BB}.Debug|x86.Build.0 = Debug|Any CPU
		{B2B978C4-AF58-4C56-BF4A-9BC26896B8BB}.Release|Any CPU.ActiveCfg = Release|Any CPU
		{B2B978C4-AF58-4C56-BF4A-9BC26896B8BB}.Release|Any CPU.Build.0 = Release|Any CPU
		{B2B978C4-AF58-4C56-BF4A-9BC26896B8BB}.Release|ARM.ActiveCfg = Release|Any CPU
		{B2B978C4-AF58-4C56-BF4A-9BC26896B8BB}.Release|ARM.Build.0 = Release|Any CPU
		{B2B978C4-AF58-4C56-BF4A-9BC26896B8BB}.Release|iPhone.ActiveCfg = Release|Any CPU
		{B2B978C4-AF58-4C56-BF4A-9BC26896B8BB}.Release|iPhone.Build.0 = Release|Any CPU
		{B2B978C4-AF58-4C56-BF4A-9BC26896B8BB}.Release|iPhoneSimulator.ActiveCfg = Release|Any CPU
		{B2B978C4-AF58-4C56-BF4A-9BC26896B8BB}.Release|iPhoneSimulator.Build.0 = Release|Any CPU
		{B2B978C4-AF58-4C56-BF4A-9BC26896B8BB}.Release|x64.ActiveCfg = Release|Any CPU
		{B2B978C4-AF58-4C56-BF4A-9BC26896B8BB}.Release|x64.Build.0 = Release|Any CPU
		{B2B978C4-AF58-4C56-BF4A-9BC26896B8BB}.Release|x86.ActiveCfg = Release|Any CPU
		{B2B978C4-AF58-4C56-BF4A-9BC26896B8BB}.Release|x86.Build.0 = Release|Any CPU
		{B925B3A7-43B0-4809-A313-9B40292A814A}.Ad-Hoc|Any CPU.ActiveCfg = Release|Any CPU
		{B925B3A7-43B0-4809-A313-9B40292A814A}.Ad-Hoc|Any CPU.Build.0 = Release|Any CPU
		{B925B3A7-43B0-4809-A313-9B40292A814A}.Ad-Hoc|Any CPU.Deploy.0 = Release|Any CPU
		{B925B3A7-43B0-4809-A313-9B40292A814A}.Ad-Hoc|ARM.ActiveCfg = Release|Any CPU
		{B925B3A7-43B0-4809-A313-9B40292A814A}.Ad-Hoc|ARM.Build.0 = Release|Any CPU
		{B925B3A7-43B0-4809-A313-9B40292A814A}.Ad-Hoc|ARM.Deploy.0 = Release|Any CPU
		{B925B3A7-43B0-4809-A313-9B40292A814A}.Ad-Hoc|iPhone.ActiveCfg = Release|Any CPU
		{B925B3A7-43B0-4809-A313-9B40292A814A}.Ad-Hoc|iPhone.Build.0 = Release|Any CPU
		{B925B3A7-43B0-4809-A313-9B40292A814A}.Ad-Hoc|iPhone.Deploy.0 = Release|Any CPU
		{B925B3A7-43B0-4809-A313-9B40292A814A}.Ad-Hoc|iPhoneSimulator.ActiveCfg = Release|Any CPU
		{B925B3A7-43B0-4809-A313-9B40292A814A}.Ad-Hoc|iPhoneSimulator.Build.0 = Release|Any CPU
		{B925B3A7-43B0-4809-A313-9B40292A814A}.Ad-Hoc|iPhoneSimulator.Deploy.0 = Release|Any CPU
		{B925B3A7-43B0-4809-A313-9B40292A814A}.Ad-Hoc|x64.ActiveCfg = Release|Any CPU
		{B925B3A7-43B0-4809-A313-9B40292A814A}.Ad-Hoc|x64.Build.0 = Release|Any CPU
		{B925B3A7-43B0-4809-A313-9B40292A814A}.Ad-Hoc|x64.Deploy.0 = Release|Any CPU
		{B925B3A7-43B0-4809-A313-9B40292A814A}.Ad-Hoc|x86.ActiveCfg = Release|Any CPU
		{B925B3A7-43B0-4809-A313-9B40292A814A}.Ad-Hoc|x86.Build.0 = Release|Any CPU
		{B925B3A7-43B0-4809-A313-9B40292A814A}.Ad-Hoc|x86.Deploy.0 = Release|Any CPU
		{B925B3A7-43B0-4809-A313-9B40292A814A}.AppStore|Any CPU.ActiveCfg = Release|Any CPU
		{B925B3A7-43B0-4809-A313-9B40292A814A}.AppStore|Any CPU.Build.0 = Release|Any CPU
		{B925B3A7-43B0-4809-A313-9B40292A814A}.AppStore|Any CPU.Deploy.0 = Release|Any CPU
		{B925B3A7-43B0-4809-A313-9B40292A814A}.AppStore|ARM.ActiveCfg = Release|Any CPU
		{B925B3A7-43B0-4809-A313-9B40292A814A}.AppStore|ARM.Build.0 = Release|Any CPU
		{B925B3A7-43B0-4809-A313-9B40292A814A}.AppStore|ARM.Deploy.0 = Release|Any CPU
		{B925B3A7-43B0-4809-A313-9B40292A814A}.AppStore|iPhone.ActiveCfg = Release|Any CPU
		{B925B3A7-43B0-4809-A313-9B40292A814A}.AppStore|iPhone.Build.0 = Release|Any CPU
		{B925B3A7-43B0-4809-A313-9B40292A814A}.AppStore|iPhone.Deploy.0 = Release|Any CPU
		{B925B3A7-43B0-4809-A313-9B40292A814A}.AppStore|iPhoneSimulator.ActiveCfg = Release|Any CPU
		{B925B3A7-43B0-4809-A313-9B40292A814A}.AppStore|iPhoneSimulator.Build.0 = Release|Any CPU
		{B925B3A7-43B0-4809-A313-9B40292A814A}.AppStore|iPhoneSimulator.Deploy.0 = Release|Any CPU
		{B925B3A7-43B0-4809-A313-9B40292A814A}.AppStore|x64.ActiveCfg = Release|Any CPU
		{B925B3A7-43B0-4809-A313-9B40292A814A}.AppStore|x64.Build.0 = Release|Any CPU
		{B925B3A7-43B0-4809-A313-9B40292A814A}.AppStore|x64.Deploy.0 = Release|Any CPU
		{B925B3A7-43B0-4809-A313-9B40292A814A}.AppStore|x86.ActiveCfg = Release|Any CPU
		{B925B3A7-43B0-4809-A313-9B40292A814A}.AppStore|x86.Build.0 = Release|Any CPU
		{B925B3A7-43B0-4809-A313-9B40292A814A}.AppStore|x86.Deploy.0 = Release|Any CPU
		{B925B3A7-43B0-4809-A313-9B40292A814A}.Debug|Any CPU.ActiveCfg = Debug|Any CPU
		{B925B3A7-43B0-4809-A313-9B40292A814A}.Debug|Any CPU.Build.0 = Debug|Any CPU
		{B925B3A7-43B0-4809-A313-9B40292A814A}.Debug|Any CPU.Deploy.0 = Debug|Any CPU
		{B925B3A7-43B0-4809-A313-9B40292A814A}.Debug|ARM.ActiveCfg = Debug|Any CPU
		{B925B3A7-43B0-4809-A313-9B40292A814A}.Debug|ARM.Build.0 = Debug|Any CPU
		{B925B3A7-43B0-4809-A313-9B40292A814A}.Debug|ARM.Deploy.0 = Debug|Any CPU
		{B925B3A7-43B0-4809-A313-9B40292A814A}.Debug|iPhone.ActiveCfg = Debug|Any CPU
		{B925B3A7-43B0-4809-A313-9B40292A814A}.Debug|iPhone.Build.0 = Debug|Any CPU
		{B925B3A7-43B0-4809-A313-9B40292A814A}.Debug|iPhone.Deploy.0 = Debug|Any CPU
		{B925B3A7-43B0-4809-A313-9B40292A814A}.Debug|iPhoneSimulator.ActiveCfg = Debug|Any CPU
		{B925B3A7-43B0-4809-A313-9B40292A814A}.Debug|iPhoneSimulator.Build.0 = Debug|Any CPU
		{B925B3A7-43B0-4809-A313-9B40292A814A}.Debug|iPhoneSimulator.Deploy.0 = Debug|Any CPU
		{B925B3A7-43B0-4809-A313-9B40292A814A}.Debug|x64.ActiveCfg = Debug|Any CPU
		{B925B3A7-43B0-4809-A313-9B40292A814A}.Debug|x64.Build.0 = Debug|Any CPU
		{B925B3A7-43B0-4809-A313-9B40292A814A}.Debug|x64.Deploy.0 = Debug|Any CPU
		{B925B3A7-43B0-4809-A313-9B40292A814A}.Debug|x86.ActiveCfg = Debug|Any CPU
		{B925B3A7-43B0-4809-A313-9B40292A814A}.Debug|x86.Build.0 = Debug|Any CPU
		{B925B3A7-43B0-4809-A313-9B40292A814A}.Debug|x86.Deploy.0 = Debug|Any CPU
		{B925B3A7-43B0-4809-A313-9B40292A814A}.Release|Any CPU.ActiveCfg = Release|Any CPU
		{B925B3A7-43B0-4809-A313-9B40292A814A}.Release|Any CPU.Build.0 = Release|Any CPU
		{B925B3A7-43B0-4809-A313-9B40292A814A}.Release|Any CPU.Deploy.0 = Release|Any CPU
		{B925B3A7-43B0-4809-A313-9B40292A814A}.Release|ARM.ActiveCfg = Release|Any CPU
		{B925B3A7-43B0-4809-A313-9B40292A814A}.Release|ARM.Build.0 = Release|Any CPU
		{B925B3A7-43B0-4809-A313-9B40292A814A}.Release|ARM.Deploy.0 = Release|Any CPU
		{B925B3A7-43B0-4809-A313-9B40292A814A}.Release|iPhone.ActiveCfg = Release|Any CPU
		{B925B3A7-43B0-4809-A313-9B40292A814A}.Release|iPhone.Build.0 = Release|Any CPU
		{B925B3A7-43B0-4809-A313-9B40292A814A}.Release|iPhone.Deploy.0 = Release|Any CPU
		{B925B3A7-43B0-4809-A313-9B40292A814A}.Release|iPhoneSimulator.ActiveCfg = Release|Any CPU
		{B925B3A7-43B0-4809-A313-9B40292A814A}.Release|iPhoneSimulator.Build.0 = Release|Any CPU
		{B925B3A7-43B0-4809-A313-9B40292A814A}.Release|iPhoneSimulator.Deploy.0 = Release|Any CPU
		{B925B3A7-43B0-4809-A313-9B40292A814A}.Release|x64.ActiveCfg = Release|Any CPU
		{B925B3A7-43B0-4809-A313-9B40292A814A}.Release|x64.Build.0 = Release|Any CPU
		{B925B3A7-43B0-4809-A313-9B40292A814A}.Release|x64.Deploy.0 = Release|Any CPU
		{B925B3A7-43B0-4809-A313-9B40292A814A}.Release|x86.ActiveCfg = Release|Any CPU
		{B925B3A7-43B0-4809-A313-9B40292A814A}.Release|x86.Build.0 = Release|Any CPU
		{B925B3A7-43B0-4809-A313-9B40292A814A}.Release|x86.Deploy.0 = Release|Any CPU
		{113777B1-748F-4BF2-BACF-6FB7C806DA66}.Ad-Hoc|Any CPU.ActiveCfg = Ad-Hoc|iPhone
		{113777B1-748F-4BF2-BACF-6FB7C806DA66}.Ad-Hoc|ARM.ActiveCfg = Ad-Hoc|iPhone
		{113777B1-748F-4BF2-BACF-6FB7C806DA66}.Ad-Hoc|iPhone.ActiveCfg = Ad-Hoc|iPhone
		{113777B1-748F-4BF2-BACF-6FB7C806DA66}.Ad-Hoc|iPhone.Build.0 = Ad-Hoc|iPhone
		{113777B1-748F-4BF2-BACF-6FB7C806DA66}.Ad-Hoc|iPhoneSimulator.ActiveCfg = Ad-Hoc|iPhoneSimulator
		{113777B1-748F-4BF2-BACF-6FB7C806DA66}.Ad-Hoc|iPhoneSimulator.Build.0 = Ad-Hoc|iPhoneSimulator
		{113777B1-748F-4BF2-BACF-6FB7C806DA66}.Ad-Hoc|x64.ActiveCfg = Ad-Hoc|iPhone
		{113777B1-748F-4BF2-BACF-6FB7C806DA66}.Ad-Hoc|x86.ActiveCfg = Ad-Hoc|iPhone
		{113777B1-748F-4BF2-BACF-6FB7C806DA66}.AppStore|Any CPU.ActiveCfg = AppStore|iPhone
		{113777B1-748F-4BF2-BACF-6FB7C806DA66}.AppStore|ARM.ActiveCfg = AppStore|iPhone
		{113777B1-748F-4BF2-BACF-6FB7C806DA66}.AppStore|iPhone.ActiveCfg = AppStore|iPhone
		{113777B1-748F-4BF2-BACF-6FB7C806DA66}.AppStore|iPhone.Build.0 = AppStore|iPhone
		{113777B1-748F-4BF2-BACF-6FB7C806DA66}.AppStore|iPhoneSimulator.ActiveCfg = AppStore|iPhoneSimulator
		{113777B1-748F-4BF2-BACF-6FB7C806DA66}.AppStore|iPhoneSimulator.Build.0 = AppStore|iPhoneSimulator
		{113777B1-748F-4BF2-BACF-6FB7C806DA66}.AppStore|x64.ActiveCfg = AppStore|iPhone
		{113777B1-748F-4BF2-BACF-6FB7C806DA66}.AppStore|x86.ActiveCfg = AppStore|iPhone
		{113777B1-748F-4BF2-BACF-6FB7C806DA66}.Debug|Any CPU.ActiveCfg = Debug|iPhone
		{113777B1-748F-4BF2-BACF-6FB7C806DA66}.Debug|ARM.ActiveCfg = Debug|iPhone
		{113777B1-748F-4BF2-BACF-6FB7C806DA66}.Debug|iPhone.ActiveCfg = Debug|iPhone
		{113777B1-748F-4BF2-BACF-6FB7C806DA66}.Debug|iPhone.Build.0 = Debug|iPhone
		{113777B1-748F-4BF2-BACF-6FB7C806DA66}.Debug|iPhoneSimulator.ActiveCfg = Debug|iPhoneSimulator
		{113777B1-748F-4BF2-BACF-6FB7C806DA66}.Debug|iPhoneSimulator.Build.0 = Debug|iPhoneSimulator
		{113777B1-748F-4BF2-BACF-6FB7C806DA66}.Debug|x64.ActiveCfg = Debug|iPhone
		{113777B1-748F-4BF2-BACF-6FB7C806DA66}.Debug|x86.ActiveCfg = Debug|iPhone
		{113777B1-748F-4BF2-BACF-6FB7C806DA66}.Release|Any CPU.ActiveCfg = Release|iPhone
		{113777B1-748F-4BF2-BACF-6FB7C806DA66}.Release|ARM.ActiveCfg = Release|iPhone
		{113777B1-748F-4BF2-BACF-6FB7C806DA66}.Release|iPhone.ActiveCfg = Release|iPhone
		{113777B1-748F-4BF2-BACF-6FB7C806DA66}.Release|iPhone.Build.0 = Release|iPhone
		{113777B1-748F-4BF2-BACF-6FB7C806DA66}.Release|iPhoneSimulator.ActiveCfg = Release|iPhoneSimulator
		{113777B1-748F-4BF2-BACF-6FB7C806DA66}.Release|iPhoneSimulator.Build.0 = Release|iPhoneSimulator
		{113777B1-748F-4BF2-BACF-6FB7C806DA66}.Release|x64.ActiveCfg = Release|iPhone
		{113777B1-748F-4BF2-BACF-6FB7C806DA66}.Release|x86.ActiveCfg = Release|iPhone
		{A9D057FA-E94D-41A6-9D85-8BFDCA9C9C83}.Ad-Hoc|Any CPU.ActiveCfg = Release|x64
		{A9D057FA-E94D-41A6-9D85-8BFDCA9C9C83}.Ad-Hoc|Any CPU.Build.0 = Release|x64
		{A9D057FA-E94D-41A6-9D85-8BFDCA9C9C83}.Ad-Hoc|Any CPU.Deploy.0 = Release|x64
		{A9D057FA-E94D-41A6-9D85-8BFDCA9C9C83}.Ad-Hoc|ARM.ActiveCfg = Release|ARM
		{A9D057FA-E94D-41A6-9D85-8BFDCA9C9C83}.Ad-Hoc|ARM.Build.0 = Release|ARM
		{A9D057FA-E94D-41A6-9D85-8BFDCA9C9C83}.Ad-Hoc|ARM.Deploy.0 = Release|ARM
		{A9D057FA-E94D-41A6-9D85-8BFDCA9C9C83}.Ad-Hoc|iPhone.ActiveCfg = Release|x64
		{A9D057FA-E94D-41A6-9D85-8BFDCA9C9C83}.Ad-Hoc|iPhone.Build.0 = Release|x64
		{A9D057FA-E94D-41A6-9D85-8BFDCA9C9C83}.Ad-Hoc|iPhone.Deploy.0 = Release|x64
		{A9D057FA-E94D-41A6-9D85-8BFDCA9C9C83}.Ad-Hoc|iPhoneSimulator.ActiveCfg = Release|x64
		{A9D057FA-E94D-41A6-9D85-8BFDCA9C9C83}.Ad-Hoc|iPhoneSimulator.Build.0 = Release|x64
		{A9D057FA-E94D-41A6-9D85-8BFDCA9C9C83}.Ad-Hoc|iPhoneSimulator.Deploy.0 = Release|x64
		{A9D057FA-E94D-41A6-9D85-8BFDCA9C9C83}.Ad-Hoc|x64.ActiveCfg = Release|x64
		{A9D057FA-E94D-41A6-9D85-8BFDCA9C9C83}.Ad-Hoc|x64.Build.0 = Release|x64
		{A9D057FA-E94D-41A6-9D85-8BFDCA9C9C83}.Ad-Hoc|x64.Deploy.0 = Release|x64
		{A9D057FA-E94D-41A6-9D85-8BFDCA9C9C83}.Ad-Hoc|x86.ActiveCfg = Release|x86
		{A9D057FA-E94D-41A6-9D85-8BFDCA9C9C83}.Ad-Hoc|x86.Build.0 = Release|x86
		{A9D057FA-E94D-41A6-9D85-8BFDCA9C9C83}.Ad-Hoc|x86.Deploy.0 = Release|x86
		{A9D057FA-E94D-41A6-9D85-8BFDCA9C9C83}.AppStore|Any CPU.ActiveCfg = Release|x64
		{A9D057FA-E94D-41A6-9D85-8BFDCA9C9C83}.AppStore|Any CPU.Build.0 = Release|x64
		{A9D057FA-E94D-41A6-9D85-8BFDCA9C9C83}.AppStore|Any CPU.Deploy.0 = Release|x64
		{A9D057FA-E94D-41A6-9D85-8BFDCA9C9C83}.AppStore|ARM.ActiveCfg = Release|ARM
		{A9D057FA-E94D-41A6-9D85-8BFDCA9C9C83}.AppStore|ARM.Build.0 = Release|ARM
		{A9D057FA-E94D-41A6-9D85-8BFDCA9C9C83}.AppStore|ARM.Deploy.0 = Release|ARM
		{A9D057FA-E94D-41A6-9D85-8BFDCA9C9C83}.AppStore|iPhone.ActiveCfg = Release|x64
		{A9D057FA-E94D-41A6-9D85-8BFDCA9C9C83}.AppStore|iPhone.Build.0 = Release|x64
		{A9D057FA-E94D-41A6-9D85-8BFDCA9C9C83}.AppStore|iPhone.Deploy.0 = Release|x64
		{A9D057FA-E94D-41A6-9D85-8BFDCA9C9C83}.AppStore|iPhoneSimulator.ActiveCfg = Release|x64
		{A9D057FA-E94D-41A6-9D85-8BFDCA9C9C83}.AppStore|iPhoneSimulator.Build.0 = Release|x64
		{A9D057FA-E94D-41A6-9D85-8BFDCA9C9C83}.AppStore|iPhoneSimulator.Deploy.0 = Release|x64
		{A9D057FA-E94D-41A6-9D85-8BFDCA9C9C83}.AppStore|x64.ActiveCfg = Release|x64
		{A9D057FA-E94D-41A6-9D85-8BFDCA9C9C83}.AppStore|x64.Build.0 = Release|x64
		{A9D057FA-E94D-41A6-9D85-8BFDCA9C9C83}.AppStore|x64.Deploy.0 = Release|x64
		{A9D057FA-E94D-41A6-9D85-8BFDCA9C9C83}.AppStore|x86.ActiveCfg = Release|x86
		{A9D057FA-E94D-41A6-9D85-8BFDCA9C9C83}.AppStore|x86.Build.0 = Release|x86
		{A9D057FA-E94D-41A6-9D85-8BFDCA9C9C83}.AppStore|x86.Deploy.0 = Release|x86
		{A9D057FA-E94D-41A6-9D85-8BFDCA9C9C83}.Debug|Any CPU.ActiveCfg = Debug|x86
		{A9D057FA-E94D-41A6-9D85-8BFDCA9C9C83}.Debug|ARM.ActiveCfg = Debug|ARM
		{A9D057FA-E94D-41A6-9D85-8BFDCA9C9C83}.Debug|ARM.Build.0 = Debug|ARM
		{A9D057FA-E94D-41A6-9D85-8BFDCA9C9C83}.Debug|ARM.Deploy.0 = Debug|ARM
		{A9D057FA-E94D-41A6-9D85-8BFDCA9C9C83}.Debug|iPhone.ActiveCfg = Debug|x86
		{A9D057FA-E94D-41A6-9D85-8BFDCA9C9C83}.Debug|iPhoneSimulator.ActiveCfg = Debug|x86
		{A9D057FA-E94D-41A6-9D85-8BFDCA9C9C83}.Debug|x64.ActiveCfg = Debug|x64
		{A9D057FA-E94D-41A6-9D85-8BFDCA9C9C83}.Debug|x64.Build.0 = Debug|x64
		{A9D057FA-E94D-41A6-9D85-8BFDCA9C9C83}.Debug|x64.Deploy.0 = Debug|x64
		{A9D057FA-E94D-41A6-9D85-8BFDCA9C9C83}.Debug|x86.ActiveCfg = Debug|x86
		{A9D057FA-E94D-41A6-9D85-8BFDCA9C9C83}.Debug|x86.Build.0 = Debug|x86
		{A9D057FA-E94D-41A6-9D85-8BFDCA9C9C83}.Debug|x86.Deploy.0 = Debug|x86
		{A9D057FA-E94D-41A6-9D85-8BFDCA9C9C83}.Release|Any CPU.ActiveCfg = Release|x86
		{A9D057FA-E94D-41A6-9D85-8BFDCA9C9C83}.Release|ARM.ActiveCfg = Release|ARM
		{A9D057FA-E94D-41A6-9D85-8BFDCA9C9C83}.Release|ARM.Build.0 = Release|ARM
		{A9D057FA-E94D-41A6-9D85-8BFDCA9C9C83}.Release|ARM.Deploy.0 = Release|ARM
		{A9D057FA-E94D-41A6-9D85-8BFDCA9C9C83}.Release|iPhone.ActiveCfg = Release|x86
		{A9D057FA-E94D-41A6-9D85-8BFDCA9C9C83}.Release|iPhoneSimulator.ActiveCfg = Release|x86
		{A9D057FA-E94D-41A6-9D85-8BFDCA9C9C83}.Release|x64.ActiveCfg = Release|x64
		{A9D057FA-E94D-41A6-9D85-8BFDCA9C9C83}.Release|x64.Build.0 = Release|x64
		{A9D057FA-E94D-41A6-9D85-8BFDCA9C9C83}.Release|x64.Deploy.0 = Release|x64
		{A9D057FA-E94D-41A6-9D85-8BFDCA9C9C83}.Release|x86.ActiveCfg = Release|x86
		{A9D057FA-E94D-41A6-9D85-8BFDCA9C9C83}.Release|x86.Build.0 = Release|x86
		{A9D057FA-E94D-41A6-9D85-8BFDCA9C9C83}.Release|x86.Deploy.0 = Release|x86
		{36BA5EF6-F5BF-4CD6-BD48-AE58D6D9DE15}.Ad-Hoc|Any CPU.ActiveCfg = Release|Any CPU
		{36BA5EF6-F5BF-4CD6-BD48-AE58D6D9DE15}.Ad-Hoc|Any CPU.Build.0 = Release|Any CPU
		{36BA5EF6-F5BF-4CD6-BD48-AE58D6D9DE15}.Ad-Hoc|ARM.ActiveCfg = Release|Any CPU
		{36BA5EF6-F5BF-4CD6-BD48-AE58D6D9DE15}.Ad-Hoc|ARM.Build.0 = Release|Any CPU
		{36BA5EF6-F5BF-4CD6-BD48-AE58D6D9DE15}.Ad-Hoc|iPhone.ActiveCfg = Release|Any CPU
		{36BA5EF6-F5BF-4CD6-BD48-AE58D6D9DE15}.Ad-Hoc|iPhone.Build.0 = Release|Any CPU
		{36BA5EF6-F5BF-4CD6-BD48-AE58D6D9DE15}.Ad-Hoc|iPhoneSimulator.ActiveCfg = Release|Any CPU
		{36BA5EF6-F5BF-4CD6-BD48-AE58D6D9DE15}.Ad-Hoc|iPhoneSimulator.Build.0 = Release|Any CPU
		{36BA5EF6-F5BF-4CD6-BD48-AE58D6D9DE15}.Ad-Hoc|x64.ActiveCfg = Release|Any CPU
		{36BA5EF6-F5BF-4CD6-BD48-AE58D6D9DE15}.Ad-Hoc|x64.Build.0 = Release|Any CPU
		{36BA5EF6-F5BF-4CD6-BD48-AE58D6D9DE15}.Ad-Hoc|x86.ActiveCfg = Release|Any CPU
		{36BA5EF6-F5BF-4CD6-BD48-AE58D6D9DE15}.Ad-Hoc|x86.Build.0 = Release|Any CPU
		{36BA5EF6-F5BF-4CD6-BD48-AE58D6D9DE15}.AppStore|Any CPU.ActiveCfg = Release|Any CPU
		{36BA5EF6-F5BF-4CD6-BD48-AE58D6D9DE15}.AppStore|Any CPU.Build.0 = Release|Any CPU
		{36BA5EF6-F5BF-4CD6-BD48-AE58D6D9DE15}.AppStore|ARM.ActiveCfg = Release|Any CPU
		{36BA5EF6-F5BF-4CD6-BD48-AE58D6D9DE15}.AppStore|ARM.Build.0 = Release|Any CPU
		{36BA5EF6-F5BF-4CD6-BD48-AE58D6D9DE15}.AppStore|iPhone.ActiveCfg = Release|Any CPU
		{36BA5EF6-F5BF-4CD6-BD48-AE58D6D9DE15}.AppStore|iPhone.Build.0 = Release|Any CPU
		{36BA5EF6-F5BF-4CD6-BD48-AE58D6D9DE15}.AppStore|iPhoneSimulator.ActiveCfg = Release|Any CPU
		{36BA5EF6-F5BF-4CD6-BD48-AE58D6D9DE15}.AppStore|iPhoneSimulator.Build.0 = Release|Any CPU
		{36BA5EF6-F5BF-4CD6-BD48-AE58D6D9DE15}.AppStore|x64.ActiveCfg = Release|Any CPU
		{36BA5EF6-F5BF-4CD6-BD48-AE58D6D9DE15}.AppStore|x64.Build.0 = Release|Any CPU
		{36BA5EF6-F5BF-4CD6-BD48-AE58D6D9DE15}.AppStore|x86.ActiveCfg = Release|Any CPU
		{36BA5EF6-F5BF-4CD6-BD48-AE58D6D9DE15}.AppStore|x86.Build.0 = Release|Any CPU
		{36BA5EF6-F5BF-4CD6-BD48-AE58D6D9DE15}.Debug|Any CPU.ActiveCfg = Debug|Any CPU
		{36BA5EF6-F5BF-4CD6-BD48-AE58D6D9DE15}.Debug|Any CPU.Build.0 = Debug|Any CPU
		{36BA5EF6-F5BF-4CD6-BD48-AE58D6D9DE15}.Debug|ARM.ActiveCfg = Debug|Any CPU
		{36BA5EF6-F5BF-4CD6-BD48-AE58D6D9DE15}.Debug|ARM.Build.0 = Debug|Any CPU
		{36BA5EF6-F5BF-4CD6-BD48-AE58D6D9DE15}.Debug|iPhone.ActiveCfg = Debug|Any CPU
		{36BA5EF6-F5BF-4CD6-BD48-AE58D6D9DE15}.Debug|iPhone.Build.0 = Debug|Any CPU
		{36BA5EF6-F5BF-4CD6-BD48-AE58D6D9DE15}.Debug|iPhoneSimulator.ActiveCfg = Debug|Any CPU
		{36BA5EF6-F5BF-4CD6-BD48-AE58D6D9DE15}.Debug|iPhoneSimulator.Build.0 = Debug|Any CPU
		{36BA5EF6-F5BF-4CD6-BD48-AE58D6D9DE15}.Debug|x64.ActiveCfg = Debug|Any CPU
		{36BA5EF6-F5BF-4CD6-BD48-AE58D6D9DE15}.Debug|x64.Build.0 = Debug|Any CPU
		{36BA5EF6-F5BF-4CD6-BD48-AE58D6D9DE15}.Debug|x86.ActiveCfg = Debug|Any CPU
		{36BA5EF6-F5BF-4CD6-BD48-AE58D6D9DE15}.Debug|x86.Build.0 = Debug|Any CPU
		{36BA5EF6-F5BF-4CD6-BD48-AE58D6D9DE15}.Release|Any CPU.ActiveCfg = Release|Any CPU
		{36BA5EF6-F5BF-4CD6-BD48-AE58D6D9DE15}.Release|Any CPU.Build.0 = Release|Any CPU
		{36BA5EF6-F5BF-4CD6-BD48-AE58D6D9DE15}.Release|ARM.ActiveCfg = Release|Any CPU
		{36BA5EF6-F5BF-4CD6-BD48-AE58D6D9DE15}.Release|ARM.Build.0 = Release|Any CPU
		{36BA5EF6-F5BF-4CD6-BD48-AE58D6D9DE15}.Release|iPhone.ActiveCfg = Release|Any CPU
		{36BA5EF6-F5BF-4CD6-BD48-AE58D6D9DE15}.Release|iPhone.Build.0 = Release|Any CPU
		{36BA5EF6-F5BF-4CD6-BD48-AE58D6D9DE15}.Release|iPhoneSimulator.ActiveCfg = Release|Any CPU
		{36BA5EF6-F5BF-4CD6-BD48-AE58D6D9DE15}.Release|iPhoneSimulator.Build.0 = Release|Any CPU
		{36BA5EF6-F5BF-4CD6-BD48-AE58D6D9DE15}.Release|x64.ActiveCfg = Release|Any CPU
		{36BA5EF6-F5BF-4CD6-BD48-AE58D6D9DE15}.Release|x64.Build.0 = Release|Any CPU
		{36BA5EF6-F5BF-4CD6-BD48-AE58D6D9DE15}.Release|x86.ActiveCfg = Release|Any CPU
		{36BA5EF6-F5BF-4CD6-BD48-AE58D6D9DE15}.Release|x86.Build.0 = Release|Any CPU
	EndGlobalSection
	GlobalSection(SolutionProperties) = preSolution
		HideSolutionNode = FALSE
	EndGlobalSection
	GlobalSection(ExtensibilityGlobals) = postSolution
		SolutionGuid = {2F9EC547-D87D-40C3-B16F-37156A8023CB}
	EndGlobalSection
EndGlobal
